
Microsoft Visual Studio Solution File, Format Version 12.00
# Visual Studio Version 17
VisualStudioVersion = 17.0.32112.339
MinimumVisualStudioVersion = 10.0.40219.1
Project("{FAE04EC0-301F-11D3-BF4B-00C04F79EFBC}") = "cau_truc_lenh_co_ban", "cau_truc_lenh_co_ban\cau_truc_lenh_co_ban.csproj", "{3B78AA90-5132-4B74-81E6-E7ED3278723C}"
EndProject
Global
	GlobalSection(SolutionConfigurationPlatforms) = preSolution
		Debug|Any CPU = Debug|Any CPU
		Release|Any CPU = Release|Any CPU
	EndGlobalSection
	GlobalSection(ProjectConfigurationPlatforms) = postSolution
		{3B78AA90-5132-4B74-81E6-E7ED3278723C}.Debug|Any CPU.ActiveCfg = Debug|Any CPU
		{3B78AA90-5132-4B74-81E6-E7ED3278723C}.Debug|Any CPU.Build.0 = Debug|Any CPU
		{3B78AA90-5132-4B74-81E6-E7ED3278723C}.Release|Any CPU.ActiveCfg = Release|Any CPU
		{3B78AA90-5132-4B74-81E6-E7ED3278723C}.Release|Any CPU.Build.0 = Release|Any CPU
	EndGlobalSection
	GlobalSection(SolutionProperties) = preSolution
		HideSolutionNode = FALSE
	EndGlobalSection
	GlobalSection(ExtensibilityGlobals) = postSolution
		SolutionGuid = {CCFCF536-A77C-43CF-9493-59D286D47A80}
	EndGlobalSection
EndGlobal
